
Microsoft Visual Studio Solution File, Format Version 12.00
# Visual Studio Version 17
VisualStudioVersion = 17.2.32526.322
MinimumVisualStudioVersion = 10.0.40219.1
Project("{FAE04EC0-301F-11D3-BF4B-00C04F79EFBC}") = "C15EI01", "C15EI01.csproj", "{9B3BAE3F-9972-4CC9-83CB-B477309449A4}"
EndProject
Global
	GlobalSection(SolutionConfigurationPlatforms) = preSolution
		Debug|Any CPU = Debug|Any CPU
		Release|Any CPU = Release|Any CPU
	EndGlobalSection
	GlobalSection(ProjectConfigurationPlatforms) = postSolution
		{9B3BAE3F-9972-4CC9-83CB-B477309449A4}.Debug|Any CPU.ActiveCfg = Debug|Any CPU
		{9B3BAE3F-9972-4CC9-83CB-B477309449A4}.Debug|Any CPU.Build.0 = Debug|Any CPU
		{9B3BAE3F-9972-4CC9-83CB-B477309449A4}.Release|Any CPU.ActiveCfg = Release|Any CPU
		{9B3BAE3F-9972-4CC9-83CB-B477309449A4}.Release|Any CPU.Build.0 = Release|Any CPU
	EndGlobalSection
	GlobalSection(SolutionProperties) = preSolution
		HideSolutionNode = FALSE
	EndGlobalSection
	GlobalSection(ExtensibilityGlobals) = postSolution
		SolutionGuid = {5EA4DB5F-8F0F-4081-9A8C-F9967AAC1AC8}
	EndGlobalSection
EndGlobal
