
Microsoft Visual Studio Solution File, Format Version 12.00
# Visual Studio Version 16
VisualStudioVersion = 16.0.31729.503
MinimumVisualStudioVersion = 10.0.40219.1
Project("{FAE04EC0-301F-11D3-BF4B-00C04F79EFBC}") = "C01EI02", "C01EI02.csproj", "{94352773-BA64-46E5-A5E4-2D728F39D4D6}"
EndProject
Global
	GlobalSection(SolutionConfigurationPlatforms) = preSolution
		Debug|Any CPU = Debug|Any CPU
		Release|Any CPU = Release|Any CPU
	EndGlobalSection
	GlobalSection(ProjectConfigurationPlatforms) = postSolution
		{94352773-BA64-46E5-A5E4-2D728F39D4D6}.Debug|Any CPU.ActiveCfg = Debug|Any CPU
		{94352773-BA64-46E5-A5E4-2D728F39D4D6}.Debug|Any CPU.Build.0 = Debug|Any CPU
		{94352773-BA64-46E5-A5E4-2D728F39D4D6}.Release|Any CPU.ActiveCfg = Release|Any CPU
		{94352773-BA64-46E5-A5E4-2D728F39D4D6}.Release|Any CPU.Build.0 = Release|Any CPU
	EndGlobalSection
	GlobalSection(SolutionProperties) = preSolution
		HideSolutionNode = FALSE
	EndGlobalSection
	GlobalSection(ExtensibilityGlobals) = postSolution
		SolutionGuid = {3CC2A3F0-386C-4D98-AA5D-826962A12646}
	EndGlobalSection
EndGlobal
