
Microsoft Visual Studio Solution File, Format Version 12.00
# Visual Studio Version 17
VisualStudioVersion = 17.1.32414.318
MinimumVisualStudioVersion = 10.0.40219.1
Project("{9A19103F-16F7-4668-BE54-9A1E7A4F7556}") = "BibliotecaC10EC02", "..\BibliotecaC10EC02\BibliotecaC10EC02.csproj", "{0F57735D-C4D7-4A56-B188-5AA749DD402E}"
EndProject
Project("{9A19103F-16F7-4668-BE54-9A1E7A4F7556}") = "C10EC02", "C10EC02.csproj", "{67D07648-531E-4DCE-9E27-EE6D6446D9FB}"
EndProject
Global
	GlobalSection(SolutionConfigurationPlatforms) = preSolution
		Debug|Any CPU = Debug|Any CPU
		Release|Any CPU = Release|Any CPU
	EndGlobalSection
	GlobalSection(ProjectConfigurationPlatforms) = postSolution
		{0F57735D-C4D7-4A56-B188-5AA749DD402E}.Debug|Any CPU.ActiveCfg = Debug|Any CPU
		{0F57735D-C4D7-4A56-B188-5AA749DD402E}.Debug|Any CPU.Build.0 = Debug|Any CPU
		{0F57735D-C4D7-4A56-B188-5AA749DD402E}.Release|Any CPU.ActiveCfg = Release|Any CPU
		{0F57735D-C4D7-4A56-B188-5AA749DD402E}.Release|Any CPU.Build.0 = Release|Any CPU
		{67D07648-531E-4DCE-9E27-EE6D6446D9FB}.Debug|Any CPU.ActiveCfg = Debug|Any CPU
		{67D07648-531E-4DCE-9E27-EE6D6446D9FB}.Debug|Any CPU.Build.0 = Debug|Any CPU
		{67D07648-531E-4DCE-9E27-EE6D6446D9FB}.Release|Any CPU.ActiveCfg = Release|Any CPU
		{67D07648-531E-4DCE-9E27-EE6D6446D9FB}.Release|Any CPU.Build.0 = Release|Any CPU
	EndGlobalSection
	GlobalSection(SolutionProperties) = preSolution
		HideSolutionNode = FALSE
	EndGlobalSection
	GlobalSection(ExtensibilityGlobals) = postSolution
		SolutionGuid = {5C1A8030-4C4A-4F0C-BF46-50F1EC69EA48}
	EndGlobalSection
EndGlobal
