
Microsoft Visual Studio Solution File, Format Version 12.00
# Visual Studio Version 16
VisualStudioVersion = 16.0.31729.503
MinimumVisualStudioVersion = 10.0.40219.1
Project("{9A19103F-16F7-4668-BE54-9A1E7A4F7556}") = "C02EI05", "C02EI05.csproj", "{5557B053-7B5F-47E6-9092-14264F7E225A}"
EndProject
Project("{9A19103F-16F7-4668-BE54-9A1E7A4F7556}") = "BibliotecaC02EI05", "..\BibliotecaC02EI05\BibliotecaC02EI05.csproj", "{1324DC2D-642F-4258-808F-70CD3B37243A}"
EndProject
Global
	GlobalSection(SolutionConfigurationPlatforms) = preSolution
		Debug|Any CPU = Debug|Any CPU
		Release|Any CPU = Release|Any CPU
	EndGlobalSection
	GlobalSection(ProjectConfigurationPlatforms) = postSolution
		{5557B053-7B5F-47E6-9092-14264F7E225A}.Debug|Any CPU.ActiveCfg = Debug|Any CPU
		{5557B053-7B5F-47E6-9092-14264F7E225A}.Debug|Any CPU.Build.0 = Debug|Any CPU
		{5557B053-7B5F-47E6-9092-14264F7E225A}.Release|Any CPU.ActiveCfg = Release|Any CPU
		{5557B053-7B5F-47E6-9092-14264F7E225A}.Release|Any CPU.Build.0 = Release|Any CPU
		{1324DC2D-642F-4258-808F-70CD3B37243A}.Debug|Any CPU.ActiveCfg = Debug|Any CPU
		{1324DC2D-642F-4258-808F-70CD3B37243A}.Debug|Any CPU.Build.0 = Debug|Any CPU
		{1324DC2D-642F-4258-808F-70CD3B37243A}.Release|Any CPU.ActiveCfg = Release|Any CPU
		{1324DC2D-642F-4258-808F-70CD3B37243A}.Release|Any CPU.Build.0 = Release|Any CPU
	EndGlobalSection
	GlobalSection(SolutionProperties) = preSolution
		HideSolutionNode = FALSE
	EndGlobalSection
	GlobalSection(ExtensibilityGlobals) = postSolution
		SolutionGuid = {B9F19B56-5392-44A4-BD2E-77481EAC0D09}
	EndGlobalSection
EndGlobal
