
Microsoft Visual Studio Solution File, Format Version 12.00
# Visual Studio Version 17
VisualStudioVersion = 17.1.32407.343
MinimumVisualStudioVersion = 10.0.40219.1
Project("{9A19103F-16F7-4668-BE54-9A1E7A4F7556}") = "FrmMenu", "..\FormCentralita\FrmMenu.csproj", "{9BC74D6A-5B7C-4AF0-A110-A29D5D15405D}"
EndProject
Project("{9A19103F-16F7-4668-BE54-9A1E7A4F7556}") = "BibliotecaCentralita", "..\Centralita\BibliotecaCentralita.csproj", "{9F43B822-1F47-4CE1-9D75-19E54DB33202}"
EndProject
Project("{9A19103F-16F7-4668-BE54-9A1E7A4F7556}") = "C11EC01", "C11EC01.csproj", "{38A5E143-B58F-4F33-AF3C-F7A883552A9A}"
EndProject
Project("{FAE04EC0-301F-11D3-BF4B-00C04F79EFBC}") = "TestProjectC11EC01", "..\TestProjectC11EC01\TestProjectC11EC01.csproj", "{D77C2E00-9A62-4A49-980B-A18AEC97521B}"
EndProject
Global
	GlobalSection(SolutionConfigurationPlatforms) = preSolution
		Debug|Any CPU = Debug|Any CPU
		Release|Any CPU = Release|Any CPU
	EndGlobalSection
	GlobalSection(ProjectConfigurationPlatforms) = postSolution
		{9BC74D6A-5B7C-4AF0-A110-A29D5D15405D}.Debug|Any CPU.ActiveCfg = Debug|Any CPU
		{9BC74D6A-5B7C-4AF0-A110-A29D5D15405D}.Debug|Any CPU.Build.0 = Debug|Any CPU
		{9BC74D6A-5B7C-4AF0-A110-A29D5D15405D}.Release|Any CPU.ActiveCfg = Release|Any CPU
		{9BC74D6A-5B7C-4AF0-A110-A29D5D15405D}.Release|Any CPU.Build.0 = Release|Any CPU
		{9F43B822-1F47-4CE1-9D75-19E54DB33202}.Debug|Any CPU.ActiveCfg = Debug|Any CPU
		{9F43B822-1F47-4CE1-9D75-19E54DB33202}.Debug|Any CPU.Build.0 = Debug|Any CPU
		{9F43B822-1F47-4CE1-9D75-19E54DB33202}.Release|Any CPU.ActiveCfg = Release|Any CPU
		{9F43B822-1F47-4CE1-9D75-19E54DB33202}.Release|Any CPU.Build.0 = Release|Any CPU
		{38A5E143-B58F-4F33-AF3C-F7A883552A9A}.Debug|Any CPU.ActiveCfg = Debug|Any CPU
		{38A5E143-B58F-4F33-AF3C-F7A883552A9A}.Debug|Any CPU.Build.0 = Debug|Any CPU
		{38A5E143-B58F-4F33-AF3C-F7A883552A9A}.Release|Any CPU.ActiveCfg = Release|Any CPU
		{38A5E143-B58F-4F33-AF3C-F7A883552A9A}.Release|Any CPU.Build.0 = Release|Any CPU
		{D77C2E00-9A62-4A49-980B-A18AEC97521B}.Debug|Any CPU.ActiveCfg = Debug|Any CPU
		{D77C2E00-9A62-4A49-980B-A18AEC97521B}.Debug|Any CPU.Build.0 = Debug|Any CPU
		{D77C2E00-9A62-4A49-980B-A18AEC97521B}.Release|Any CPU.ActiveCfg = Release|Any CPU
		{D77C2E00-9A62-4A49-980B-A18AEC97521B}.Release|Any CPU.Build.0 = Release|Any CPU
	EndGlobalSection
	GlobalSection(SolutionProperties) = preSolution
		HideSolutionNode = FALSE
	EndGlobalSection
	GlobalSection(ExtensibilityGlobals) = postSolution
		SolutionGuid = {016DA695-5C8A-455D-8010-31BFD012F1BB}
	EndGlobalSection
EndGlobal
