
Microsoft Visual Studio Solution File, Format Version 12.00
# Visual Studio Version 16
VisualStudioVersion = 16.0.31729.503
MinimumVisualStudioVersion = 10.0.40219.1
Project("{FAE04EC0-301F-11D3-BF4B-00C04F79EFBC}") = "C08EI01", "C08EI01.csproj", "{EF2178DB-54A6-40F0-8C8E-71EC2502720A}"
EndProject
Project("{FAE04EC0-301F-11D3-BF4B-00C04F79EFBC}") = "BibliotecaC08EI01", "..\BibliotecaC08EI01\BibliotecaC08EI01.csproj", "{F3281322-CEDB-4353-B2C3-EFCF5AE306F2}"
EndProject
Global
	GlobalSection(SolutionConfigurationPlatforms) = preSolution
		Debug|Any CPU = Debug|Any CPU
		Release|Any CPU = Release|Any CPU
	EndGlobalSection
	GlobalSection(ProjectConfigurationPlatforms) = postSolution
		{EF2178DB-54A6-40F0-8C8E-71EC2502720A}.Debug|Any CPU.ActiveCfg = Debug|Any CPU
		{EF2178DB-54A6-40F0-8C8E-71EC2502720A}.Debug|Any CPU.Build.0 = Debug|Any CPU
		{EF2178DB-54A6-40F0-8C8E-71EC2502720A}.Release|Any CPU.ActiveCfg = Release|Any CPU
		{EF2178DB-54A6-40F0-8C8E-71EC2502720A}.Release|Any CPU.Build.0 = Release|Any CPU
		{F3281322-CEDB-4353-B2C3-EFCF5AE306F2}.Debug|Any CPU.ActiveCfg = Debug|Any CPU
		{F3281322-CEDB-4353-B2C3-EFCF5AE306F2}.Debug|Any CPU.Build.0 = Debug|Any CPU
		{F3281322-CEDB-4353-B2C3-EFCF5AE306F2}.Release|Any CPU.ActiveCfg = Release|Any CPU
		{F3281322-CEDB-4353-B2C3-EFCF5AE306F2}.Release|Any CPU.Build.0 = Release|Any CPU
	EndGlobalSection
	GlobalSection(SolutionProperties) = preSolution
		HideSolutionNode = FALSE
	EndGlobalSection
	GlobalSection(ExtensibilityGlobals) = postSolution
		SolutionGuid = {FA885DA3-54E2-465A-AC58-DF3E7CCABD6F}
	EndGlobalSection
EndGlobal
