
Microsoft Visual Studio Solution File, Format Version 12.00
# Visual Studio Version 16
VisualStudioVersion = 16.0.31729.503
MinimumVisualStudioVersion = 10.0.40219.1
Project("{FAE04EC0-301F-11D3-BF4B-00C04F79EFBC}") = "C06EI01", "C06EI01.csproj", "{4655C07B-46D5-4E78-B503-526524EED0A0}"
EndProject
Global
	GlobalSection(SolutionConfigurationPlatforms) = preSolution
		Debug|Any CPU = Debug|Any CPU
		Release|Any CPU = Release|Any CPU
	EndGlobalSection
	GlobalSection(ProjectConfigurationPlatforms) = postSolution
		{4655C07B-46D5-4E78-B503-526524EED0A0}.Debug|Any CPU.ActiveCfg = Debug|Any CPU
		{4655C07B-46D5-4E78-B503-526524EED0A0}.Debug|Any CPU.Build.0 = Debug|Any CPU
		{4655C07B-46D5-4E78-B503-526524EED0A0}.Release|Any CPU.ActiveCfg = Release|Any CPU
		{4655C07B-46D5-4E78-B503-526524EED0A0}.Release|Any CPU.Build.0 = Release|Any CPU
	EndGlobalSection
	GlobalSection(SolutionProperties) = preSolution
		HideSolutionNode = FALSE
	EndGlobalSection
	GlobalSection(ExtensibilityGlobals) = postSolution
		SolutionGuid = {BE5B87C2-AC7C-4A1E-87C5-38F998852C9B}
	EndGlobalSection
EndGlobal
