
Microsoft Visual Studio Solution File, Format Version 12.00
# Visual Studio Version 16
VisualStudioVersion = 16.0.31729.503
MinimumVisualStudioVersion = 10.0.40219.1
Project("{FAE04EC0-301F-11D3-BF4B-00C04F79EFBC}") = "C03EI05", "C03EI05.csproj", "{48D1A41D-917C-4775-ADE9-0707AB43CD63}"
EndProject
Project("{9A19103F-16F7-4668-BE54-9A1E7A4F7556}") = "Geometria", "..\Geometria\Geometria.csproj", "{CABF06CA-8043-4C0F-81E1-41BFC34AADC2}"
EndProject
Global
	GlobalSection(SolutionConfigurationPlatforms) = preSolution
		Debug|Any CPU = Debug|Any CPU
		Release|Any CPU = Release|Any CPU
	EndGlobalSection
	GlobalSection(ProjectConfigurationPlatforms) = postSolution
		{48D1A41D-917C-4775-ADE9-0707AB43CD63}.Debug|Any CPU.ActiveCfg = Debug|Any CPU
		{48D1A41D-917C-4775-ADE9-0707AB43CD63}.Debug|Any CPU.Build.0 = Debug|Any CPU
		{48D1A41D-917C-4775-ADE9-0707AB43CD63}.Release|Any CPU.ActiveCfg = Release|Any CPU
		{48D1A41D-917C-4775-ADE9-0707AB43CD63}.Release|Any CPU.Build.0 = Release|Any CPU
		{CABF06CA-8043-4C0F-81E1-41BFC34AADC2}.Debug|Any CPU.ActiveCfg = Debug|Any CPU
		{CABF06CA-8043-4C0F-81E1-41BFC34AADC2}.Debug|Any CPU.Build.0 = Debug|Any CPU
		{CABF06CA-8043-4C0F-81E1-41BFC34AADC2}.Release|Any CPU.ActiveCfg = Release|Any CPU
		{CABF06CA-8043-4C0F-81E1-41BFC34AADC2}.Release|Any CPU.Build.0 = Release|Any CPU
	EndGlobalSection
	GlobalSection(SolutionProperties) = preSolution
		HideSolutionNode = FALSE
	EndGlobalSection
	GlobalSection(ExtensibilityGlobals) = postSolution
		SolutionGuid = {02098B9E-D89F-43E8-95E5-30494A0F6788}
	EndGlobalSection
EndGlobal
