
Microsoft Visual Studio Solution File, Format Version 12.00
# Visual Studio Version 16
VisualStudioVersion = 16.0.31729.503
MinimumVisualStudioVersion = 10.0.40219.1
Project("{FAE04EC0-301F-11D3-BF4B-00C04F79EFBC}") = "C08EC01", "C08EC01.csproj", "{8C51F850-3525-43E1-A00B-B4F0E9F9F224}"
EndProject
Project("{FAE04EC0-301F-11D3-BF4B-00C04F79EFBC}") = "BibliotecaC08EC01", "..\BibliotecaC08EC01\BibliotecaC08EC01.csproj", "{D7FFA339-B32E-4917-AFAE-DAED5B4439EF}"
EndProject
Global
	GlobalSection(SolutionConfigurationPlatforms) = preSolution
		Debug|Any CPU = Debug|Any CPU
		Release|Any CPU = Release|Any CPU
	EndGlobalSection
	GlobalSection(ProjectConfigurationPlatforms) = postSolution
		{8C51F850-3525-43E1-A00B-B4F0E9F9F224}.Debug|Any CPU.ActiveCfg = Debug|Any CPU
		{8C51F850-3525-43E1-A00B-B4F0E9F9F224}.Debug|Any CPU.Build.0 = Debug|Any CPU
		{8C51F850-3525-43E1-A00B-B4F0E9F9F224}.Release|Any CPU.ActiveCfg = Release|Any CPU
		{8C51F850-3525-43E1-A00B-B4F0E9F9F224}.Release|Any CPU.Build.0 = Release|Any CPU
		{D7FFA339-B32E-4917-AFAE-DAED5B4439EF}.Debug|Any CPU.ActiveCfg = Debug|Any CPU
		{D7FFA339-B32E-4917-AFAE-DAED5B4439EF}.Debug|Any CPU.Build.0 = Debug|Any CPU
		{D7FFA339-B32E-4917-AFAE-DAED5B4439EF}.Release|Any CPU.ActiveCfg = Release|Any CPU
		{D7FFA339-B32E-4917-AFAE-DAED5B4439EF}.Release|Any CPU.Build.0 = Release|Any CPU
	EndGlobalSection
	GlobalSection(SolutionProperties) = preSolution
		HideSolutionNode = FALSE
	EndGlobalSection
	GlobalSection(ExtensibilityGlobals) = postSolution
		SolutionGuid = {9AD37B36-2F49-4B3F-A7AD-0FAB2BCAB5B0}
	EndGlobalSection
EndGlobal
