
Microsoft Visual Studio Solution File, Format Version 12.00
# Visual Studio Version 16
VisualStudioVersion = 16.0.31729.503
MinimumVisualStudioVersion = 10.0.40219.1
Project("{FAE04EC0-301F-11D3-BF4B-00C04F79EFBC}") = "C01EI07", "C01EI07.csproj", "{628F10AB-E3BA-453E-9213-8C1D11ED3016}"
EndProject
Global
	GlobalSection(SolutionConfigurationPlatforms) = preSolution
		Debug|Any CPU = Debug|Any CPU
		Release|Any CPU = Release|Any CPU
	EndGlobalSection
	GlobalSection(ProjectConfigurationPlatforms) = postSolution
		{628F10AB-E3BA-453E-9213-8C1D11ED3016}.Debug|Any CPU.ActiveCfg = Debug|Any CPU
		{628F10AB-E3BA-453E-9213-8C1D11ED3016}.Debug|Any CPU.Build.0 = Debug|Any CPU
		{628F10AB-E3BA-453E-9213-8C1D11ED3016}.Release|Any CPU.ActiveCfg = Release|Any CPU
		{628F10AB-E3BA-453E-9213-8C1D11ED3016}.Release|Any CPU.Build.0 = Release|Any CPU
	EndGlobalSection
	GlobalSection(SolutionProperties) = preSolution
		HideSolutionNode = FALSE
	EndGlobalSection
	GlobalSection(ExtensibilityGlobals) = postSolution
		SolutionGuid = {86A03653-3A0C-4895-B76A-C53CED5A3A1E}
	EndGlobalSection
EndGlobal
