
Microsoft Visual Studio Solution File, Format Version 12.00
# Visual Studio Version 16
VisualStudioVersion = 16.0.31729.503
MinimumVisualStudioVersion = 10.0.40219.1
Project("{FAE04EC0-301F-11D3-BF4B-00C04F79EFBC}") = "C04EC02", "C04EC02.csproj", "{6504E2F2-8DFD-49D6-8A40-D00996BFC199}"
EndProject
Project("{FAE04EC0-301F-11D3-BF4B-00C04F79EFBC}") = "BibliotecaC04EC02", "..\BibliotecaC04EC02\BibliotecaC04EC02.csproj", "{8AFEF839-B22C-4BC8-A53D-698DE6EA8EF9}"
EndProject
Global
	GlobalSection(SolutionConfigurationPlatforms) = preSolution
		Debug|Any CPU = Debug|Any CPU
		Release|Any CPU = Release|Any CPU
	EndGlobalSection
	GlobalSection(ProjectConfigurationPlatforms) = postSolution
		{6504E2F2-8DFD-49D6-8A40-D00996BFC199}.Debug|Any CPU.ActiveCfg = Debug|Any CPU
		{6504E2F2-8DFD-49D6-8A40-D00996BFC199}.Debug|Any CPU.Build.0 = Debug|Any CPU
		{6504E2F2-8DFD-49D6-8A40-D00996BFC199}.Release|Any CPU.ActiveCfg = Release|Any CPU
		{6504E2F2-8DFD-49D6-8A40-D00996BFC199}.Release|Any CPU.Build.0 = Release|Any CPU
		{8AFEF839-B22C-4BC8-A53D-698DE6EA8EF9}.Debug|Any CPU.ActiveCfg = Debug|Any CPU
		{8AFEF839-B22C-4BC8-A53D-698DE6EA8EF9}.Debug|Any CPU.Build.0 = Debug|Any CPU
		{8AFEF839-B22C-4BC8-A53D-698DE6EA8EF9}.Release|Any CPU.ActiveCfg = Release|Any CPU
		{8AFEF839-B22C-4BC8-A53D-698DE6EA8EF9}.Release|Any CPU.Build.0 = Release|Any CPU
	EndGlobalSection
	GlobalSection(SolutionProperties) = preSolution
		HideSolutionNode = FALSE
	EndGlobalSection
	GlobalSection(ExtensibilityGlobals) = postSolution
		SolutionGuid = {BA7BC153-49C6-4E09-816D-A48DFA507F57}
	EndGlobalSection
EndGlobal
