
Microsoft Visual Studio Solution File, Format Version 12.00
# Visual Studio Version 16
VisualStudioVersion = 16.0.31729.503
MinimumVisualStudioVersion = 10.0.40219.1
Project("{FAE04EC0-301F-11D3-BF4B-00C04F79EFBC}") = "C02EI07", "C02EI07.csproj", "{80BD5C5B-A0EA-4E46-B4C1-589DB27AD1BF}"
EndProject
Project("{FAE04EC0-301F-11D3-BF4B-00C04F79EFBC}") = "BibliotecaC02EI07", "..\BibliotecaC02EI07\BibliotecaC02EI07.csproj", "{2512F6A2-3456-4350-8732-A977D5C0C1E5}"
EndProject
Global
	GlobalSection(SolutionConfigurationPlatforms) = preSolution
		Debug|Any CPU = Debug|Any CPU
		Release|Any CPU = Release|Any CPU
	EndGlobalSection
	GlobalSection(ProjectConfigurationPlatforms) = postSolution
		{80BD5C5B-A0EA-4E46-B4C1-589DB27AD1BF}.Debug|Any CPU.ActiveCfg = Debug|Any CPU
		{80BD5C5B-A0EA-4E46-B4C1-589DB27AD1BF}.Debug|Any CPU.Build.0 = Debug|Any CPU
		{80BD5C5B-A0EA-4E46-B4C1-589DB27AD1BF}.Release|Any CPU.ActiveCfg = Release|Any CPU
		{80BD5C5B-A0EA-4E46-B4C1-589DB27AD1BF}.Release|Any CPU.Build.0 = Release|Any CPU
		{2512F6A2-3456-4350-8732-A977D5C0C1E5}.Debug|Any CPU.ActiveCfg = Debug|Any CPU
		{2512F6A2-3456-4350-8732-A977D5C0C1E5}.Debug|Any CPU.Build.0 = Debug|Any CPU
		{2512F6A2-3456-4350-8732-A977D5C0C1E5}.Release|Any CPU.ActiveCfg = Release|Any CPU
		{2512F6A2-3456-4350-8732-A977D5C0C1E5}.Release|Any CPU.Build.0 = Release|Any CPU
	EndGlobalSection
	GlobalSection(SolutionProperties) = preSolution
		HideSolutionNode = FALSE
	EndGlobalSection
	GlobalSection(ExtensibilityGlobals) = postSolution
		SolutionGuid = {35DB48E5-0123-4151-BD88-566F1E1DC5EF}
	EndGlobalSection
EndGlobal
