
Microsoft Visual Studio Solution File, Format Version 12.00
# Visual Studio Version 16
VisualStudioVersion = 16.0.31729.503
MinimumVisualStudioVersion = 10.0.40219.1
Project("{FAE04EC0-301F-11D3-BF4B-00C04F79EFBC}") = "C03EA02", "C03EA02.csproj", "{70F4C90D-F9C0-49C3-A1F3-4BF827C45816}"
EndProject
Project("{FAE04EC0-301F-11D3-BF4B-00C04F79EFBC}") = "BibliotecaC03EA02", "..\BibliotecaC03EA02\BibliotecaC03EA02.csproj", "{683A63AA-E5EF-42B0-A7BC-CD076C6B0F95}"
EndProject
Global
	GlobalSection(SolutionConfigurationPlatforms) = preSolution
		Debug|Any CPU = Debug|Any CPU
		Release|Any CPU = Release|Any CPU
	EndGlobalSection
	GlobalSection(ProjectConfigurationPlatforms) = postSolution
		{70F4C90D-F9C0-49C3-A1F3-4BF827C45816}.Debug|Any CPU.ActiveCfg = Debug|Any CPU
		{70F4C90D-F9C0-49C3-A1F3-4BF827C45816}.Debug|Any CPU.Build.0 = Debug|Any CPU
		{70F4C90D-F9C0-49C3-A1F3-4BF827C45816}.Release|Any CPU.ActiveCfg = Release|Any CPU
		{70F4C90D-F9C0-49C3-A1F3-4BF827C45816}.Release|Any CPU.Build.0 = Release|Any CPU
		{683A63AA-E5EF-42B0-A7BC-CD076C6B0F95}.Debug|Any CPU.ActiveCfg = Debug|Any CPU
		{683A63AA-E5EF-42B0-A7BC-CD076C6B0F95}.Debug|Any CPU.Build.0 = Debug|Any CPU
		{683A63AA-E5EF-42B0-A7BC-CD076C6B0F95}.Release|Any CPU.ActiveCfg = Release|Any CPU
		{683A63AA-E5EF-42B0-A7BC-CD076C6B0F95}.Release|Any CPU.Build.0 = Release|Any CPU
	EndGlobalSection
	GlobalSection(SolutionProperties) = preSolution
		HideSolutionNode = FALSE
	EndGlobalSection
	GlobalSection(ExtensibilityGlobals) = postSolution
		SolutionGuid = {6A4A4FF2-DEDA-4A03-A8CB-00A76DC45D8B}
	EndGlobalSection
EndGlobal
