
Microsoft Visual Studio Solution File, Format Version 12.00
# Visual Studio Version 16
VisualStudioVersion = 16.0.31729.503
MinimumVisualStudioVersion = 10.0.40219.1
Project("{FAE04EC0-301F-11D3-BF4B-00C04F79EFBC}") = "C04EI01", "C04EI01.csproj", "{F7D33140-D6D3-42CE-A4BA-7EACD7707B7F}"
EndProject
Project("{FAE04EC0-301F-11D3-BF4B-00C04F79EFBC}") = "BibliotecaC04EI01", "..\BibliotecaC04EI01\BibliotecaC04EI01.csproj", "{60E7C900-AE63-473B-8078-91C8E8035535}"
EndProject
Global
	GlobalSection(SolutionConfigurationPlatforms) = preSolution
		Debug|Any CPU = Debug|Any CPU
		Release|Any CPU = Release|Any CPU
	EndGlobalSection
	GlobalSection(ProjectConfigurationPlatforms) = postSolution
		{F7D33140-D6D3-42CE-A4BA-7EACD7707B7F}.Debug|Any CPU.ActiveCfg = Debug|Any CPU
		{F7D33140-D6D3-42CE-A4BA-7EACD7707B7F}.Debug|Any CPU.Build.0 = Debug|Any CPU
		{F7D33140-D6D3-42CE-A4BA-7EACD7707B7F}.Release|Any CPU.ActiveCfg = Release|Any CPU
		{F7D33140-D6D3-42CE-A4BA-7EACD7707B7F}.Release|Any CPU.Build.0 = Release|Any CPU
		{60E7C900-AE63-473B-8078-91C8E8035535}.Debug|Any CPU.ActiveCfg = Debug|Any CPU
		{60E7C900-AE63-473B-8078-91C8E8035535}.Debug|Any CPU.Build.0 = Debug|Any CPU
		{60E7C900-AE63-473B-8078-91C8E8035535}.Release|Any CPU.ActiveCfg = Release|Any CPU
		{60E7C900-AE63-473B-8078-91C8E8035535}.Release|Any CPU.Build.0 = Release|Any CPU
	EndGlobalSection
	GlobalSection(SolutionProperties) = preSolution
		HideSolutionNode = FALSE
	EndGlobalSection
	GlobalSection(ExtensibilityGlobals) = postSolution
		SolutionGuid = {2DAF5D9D-E7C4-41C2-A0A5-629B3BE2D2CB}
	EndGlobalSection
EndGlobal
