
Microsoft Visual Studio Solution File, Format Version 12.00
# Visual Studio Version 16
VisualStudioVersion = 16.0.31729.503
MinimumVisualStudioVersion = 10.0.40219.1
Project("{FAE04EC0-301F-11D3-BF4B-00C04F79EFBC}") = "C01EI05", "C01EI05.csproj", "{361F3253-EAB5-465E-BEF0-7F9C5C093D0C}"
EndProject
Global
	GlobalSection(SolutionConfigurationPlatforms) = preSolution
		Debug|Any CPU = Debug|Any CPU
		Release|Any CPU = Release|Any CPU
	EndGlobalSection
	GlobalSection(ProjectConfigurationPlatforms) = postSolution
		{361F3253-EAB5-465E-BEF0-7F9C5C093D0C}.Debug|Any CPU.ActiveCfg = Debug|Any CPU
		{361F3253-EAB5-465E-BEF0-7F9C5C093D0C}.Debug|Any CPU.Build.0 = Debug|Any CPU
		{361F3253-EAB5-465E-BEF0-7F9C5C093D0C}.Release|Any CPU.ActiveCfg = Release|Any CPU
		{361F3253-EAB5-465E-BEF0-7F9C5C093D0C}.Release|Any CPU.Build.0 = Release|Any CPU
	EndGlobalSection
	GlobalSection(SolutionProperties) = preSolution
		HideSolutionNode = FALSE
	EndGlobalSection
	GlobalSection(ExtensibilityGlobals) = postSolution
		SolutionGuid = {3A209E63-F650-4CC3-BE10-611B176F4598}
	EndGlobalSection
EndGlobal
