
Microsoft Visual Studio Solution File, Format Version 12.00
# Visual Studio Version 16
VisualStudioVersion = 16.0.31729.503
MinimumVisualStudioVersion = 10.0.40219.1
Project("{FAE04EC0-301F-11D3-BF4B-00C04F79EFBC}") = "C01EI09", "C01EI09.csproj", "{A5370DB4-7DEC-4818-B308-EBB2A1F37233}"
EndProject
Global
	GlobalSection(SolutionConfigurationPlatforms) = preSolution
		Debug|Any CPU = Debug|Any CPU
		Release|Any CPU = Release|Any CPU
	EndGlobalSection
	GlobalSection(ProjectConfigurationPlatforms) = postSolution
		{A5370DB4-7DEC-4818-B308-EBB2A1F37233}.Debug|Any CPU.ActiveCfg = Debug|Any CPU
		{A5370DB4-7DEC-4818-B308-EBB2A1F37233}.Debug|Any CPU.Build.0 = Debug|Any CPU
		{A5370DB4-7DEC-4818-B308-EBB2A1F37233}.Release|Any CPU.ActiveCfg = Release|Any CPU
		{A5370DB4-7DEC-4818-B308-EBB2A1F37233}.Release|Any CPU.Build.0 = Release|Any CPU
	EndGlobalSection
	GlobalSection(SolutionProperties) = preSolution
		HideSolutionNode = FALSE
	EndGlobalSection
	GlobalSection(ExtensibilityGlobals) = postSolution
		SolutionGuid = {BD8F9A44-E022-40FB-82C0-F767DB1C29D5}
	EndGlobalSection
EndGlobal
