
Microsoft Visual Studio Solution File, Format Version 12.00
# Visual Studio Version 16
VisualStudioVersion = 16.0.31729.503
MinimumVisualStudioVersion = 10.0.40219.1
Project("{9A19103F-16F7-4668-BE54-9A1E7A4F7556}") = "Test", "Test\Test.csproj", "{74688DE7-7E7A-4BF2-8D10-5AD78F63EAF5}"
EndProject
Project("{9A19103F-16F7-4668-BE54-9A1E7A4F7556}") = "BibliotecaCentralita", "Centralita\BibliotecaCentralita.csproj", "{6FECB392-A6D4-4EA3-AEB0-DB978054C6A4}"
EndProject
Global
	GlobalSection(SolutionConfigurationPlatforms) = preSolution
		Debug|Any CPU = Debug|Any CPU
		Release|Any CPU = Release|Any CPU
	EndGlobalSection
	GlobalSection(ProjectConfigurationPlatforms) = postSolution
		{74688DE7-7E7A-4BF2-8D10-5AD78F63EAF5}.Debug|Any CPU.ActiveCfg = Debug|Any CPU
		{74688DE7-7E7A-4BF2-8D10-5AD78F63EAF5}.Debug|Any CPU.Build.0 = Debug|Any CPU
		{74688DE7-7E7A-4BF2-8D10-5AD78F63EAF5}.Release|Any CPU.ActiveCfg = Release|Any CPU
		{74688DE7-7E7A-4BF2-8D10-5AD78F63EAF5}.Release|Any CPU.Build.0 = Release|Any CPU
		{6FECB392-A6D4-4EA3-AEB0-DB978054C6A4}.Debug|Any CPU.ActiveCfg = Debug|Any CPU
		{6FECB392-A6D4-4EA3-AEB0-DB978054C6A4}.Debug|Any CPU.Build.0 = Debug|Any CPU
		{6FECB392-A6D4-4EA3-AEB0-DB978054C6A4}.Release|Any CPU.ActiveCfg = Release|Any CPU
		{6FECB392-A6D4-4EA3-AEB0-DB978054C6A4}.Release|Any CPU.Build.0 = Release|Any CPU
	EndGlobalSection
	GlobalSection(SolutionProperties) = preSolution
		HideSolutionNode = FALSE
	EndGlobalSection
	GlobalSection(ExtensibilityGlobals) = postSolution
		SolutionGuid = {53B16DE6-B478-459C-980C-3E9C6A84AD72}
	EndGlobalSection
EndGlobal
