
Microsoft Visual Studio Solution File, Format Version 12.00
# Visual Studio Version 16
VisualStudioVersion = 16.0.31729.503
MinimumVisualStudioVersion = 10.0.40219.1
Project("{FAE04EC0-301F-11D3-BF4B-00C04F79EFBC}") = "C01EI01", "C01EI01.csproj", "{565865CD-DD43-44B5-BAF6-4B7E33E02526}"
EndProject
Global
	GlobalSection(SolutionConfigurationPlatforms) = preSolution
		Debug|Any CPU = Debug|Any CPU
		Release|Any CPU = Release|Any CPU
	EndGlobalSection
	GlobalSection(ProjectConfigurationPlatforms) = postSolution
		{565865CD-DD43-44B5-BAF6-4B7E33E02526}.Debug|Any CPU.ActiveCfg = Debug|Any CPU
		{565865CD-DD43-44B5-BAF6-4B7E33E02526}.Debug|Any CPU.Build.0 = Debug|Any CPU
		{565865CD-DD43-44B5-BAF6-4B7E33E02526}.Release|Any CPU.ActiveCfg = Release|Any CPU
		{565865CD-DD43-44B5-BAF6-4B7E33E02526}.Release|Any CPU.Build.0 = Release|Any CPU
	EndGlobalSection
	GlobalSection(SolutionProperties) = preSolution
		HideSolutionNode = FALSE
	EndGlobalSection
	GlobalSection(ExtensibilityGlobals) = postSolution
		SolutionGuid = {72F40409-2DC7-4BE6-BA1E-EDDCD2B79856}
	EndGlobalSection
EndGlobal
