
Microsoft Visual Studio Solution File, Format Version 12.00
# Visual Studio Version 16
VisualStudioVersion = 16.0.31729.503
MinimumVisualStudioVersion = 10.0.40219.1
Project("{FAE04EC0-301F-11D3-BF4B-00C04F79EFBC}") = "C03EI03", "C03EI03.csproj", "{023B3A3D-1D48-4F06-BB74-BF070CDA2EB9}"
EndProject
Project("{FAE04EC0-301F-11D3-BF4B-00C04F79EFBC}") = "BibliotecaC03EI03", "..\BibliotecaC03EI03\BibliotecaC03EI03.csproj", "{253E8477-4B03-4B4A-8BFC-29529722A76B}"
EndProject
Global
	GlobalSection(SolutionConfigurationPlatforms) = preSolution
		Debug|Any CPU = Debug|Any CPU
		Release|Any CPU = Release|Any CPU
	EndGlobalSection
	GlobalSection(ProjectConfigurationPlatforms) = postSolution
		{023B3A3D-1D48-4F06-BB74-BF070CDA2EB9}.Debug|Any CPU.ActiveCfg = Debug|Any CPU
		{023B3A3D-1D48-4F06-BB74-BF070CDA2EB9}.Debug|Any CPU.Build.0 = Debug|Any CPU
		{023B3A3D-1D48-4F06-BB74-BF070CDA2EB9}.Release|Any CPU.ActiveCfg = Release|Any CPU
		{023B3A3D-1D48-4F06-BB74-BF070CDA2EB9}.Release|Any CPU.Build.0 = Release|Any CPU
		{253E8477-4B03-4B4A-8BFC-29529722A76B}.Debug|Any CPU.ActiveCfg = Debug|Any CPU
		{253E8477-4B03-4B4A-8BFC-29529722A76B}.Debug|Any CPU.Build.0 = Debug|Any CPU
		{253E8477-4B03-4B4A-8BFC-29529722A76B}.Release|Any CPU.ActiveCfg = Release|Any CPU
		{253E8477-4B03-4B4A-8BFC-29529722A76B}.Release|Any CPU.Build.0 = Release|Any CPU
	EndGlobalSection
	GlobalSection(SolutionProperties) = preSolution
		HideSolutionNode = FALSE
	EndGlobalSection
	GlobalSection(ExtensibilityGlobals) = postSolution
		SolutionGuid = {9C23B53E-D3C7-4FFD-A701-3A2F7CAF2189}
	EndGlobalSection
EndGlobal
